<?xml version="1.0" encoding="utf-8"?>
<Project ToolsVersion="4.0" xmlns="http://schemas.microsoft.com/developer/msbuild/2003">
  <ItemGroup>
    <Filter Include="Almone">
      <UniqueIdentifier>{21585EA7-0DFA-887D-F6B4-9CD1E2F50FCE}</UniqueIdentifier>
    </Filter>
  </ItemGroup>
  <ItemGroup>
    <ClInclude Include="src\Almone.h" />
    <ClInclude Include="src\Almone\Application.h">
      <Filter>Almone</Filter>
    </ClInclude>
    <ClInclude Include="src\Almone\Core.h">
      <Filter>Almone</Filter>
    </ClInclude>
    <ClInclude Include="src\Almone\EntryPoint.h">
      <Filter>Almone</Filter>
    </ClInclude>
    <ClInclude Include="src\Almone\Log.h">
      <Filter>Almone</Filter>
    </ClInclude>
  </ItemGroup>
  <ItemGroup>
    <ClCompile Include="src\Almone\Application.cpp">
      <Filter>Almone</Filter>
    </ClCompile>
    <ClCompile Include="src\Almone\Log.cpp">
      <Filter>Almone</Filter>
    </ClCompile>
  </ItemGroup>
</Project>